
Microsoft Visual Studio Solution File, Format Version 12.00
# Visual Studio Version 17
VisualStudioVersion = 17.12.35514.174
MinimumVisualStudioVersion = 10.0.40219.1
Project("{2150E333-8FDC-42A3-9474-1A3956D46DE8}") = "Bootstrapper", "Bootstrapper", "{EEFAB5B2-BB79-4940-B26A-6938693C7BCC}"
EndProject
Project("{2150E333-8FDC-42A3-9474-1A3956D46DE8}") = "Modules", "Modules", "{5BDBDD21-D9C8-4880-8FA4-62B2D1B4A7DC}"
EndProject
Project("{2150E333-8FDC-42A3-9474-1A3956D46DE8}") = "Shared", "Shared", "{CB812299-9006-4EE2-A54A-4DDC2EF2EA8E}"
EndProject
Project("{FAE04EC0-301F-11D3-BF4B-00C04F79EFBC}") = "Api", "Bootstrapper\Api\Api.csproj", "{78EA38CD-FBAE-4A69-95F1-FB552B57BCB2}"
EndProject
Project("{2150E333-8FDC-42A3-9474-1A3956D46DE8}") = "Basket", "Basket", "{9ACB9236-2390-47DD-AF23-42935F2392D5}"
EndProject
Project("{2150E333-8FDC-42A3-9474-1A3956D46DE8}") = "Catalog", "Catalog", "{197162D5-523A-4DEC-9FF5-D781B4347633}"
EndProject
Project("{2150E333-8FDC-42A3-9474-1A3956D46DE8}") = "Ordering", "Ordering", "{D2799349-957A-4D0E-8B53-48E007CC112E}"
EndProject
Project("{FAE04EC0-301F-11D3-BF4B-00C04F79EFBC}") = "Catalog", "Modules\Catalog\Catalog\Catalog.csproj", "{622B9C42-BAFE-4571-8059-D84C6C9C0081}"
EndProject
Project("{FAE04EC0-301F-11D3-BF4B-00C04F79EFBC}") = "Basket", "Modules\Basket\Basket\Basket.csproj", "{1FA95555-6D64-489F-BA96-F86E88B43527}"
EndProject
Project("{FAE04EC0-301F-11D3-BF4B-00C04F79EFBC}") = "Ordering", "Modules\Ordering\Ordering\Ordering.csproj", "{3F8067B6-0020-462B-ACF8-3168CF3A9501}"
EndProject
Project("{FAE04EC0-301F-11D3-BF4B-00C04F79EFBC}") = "Shared", "Shared\Shared\Shared.csproj", "{8DC3353A-4096-4F48-813D-3D4778E5914B}"
EndProject
Project("{E53339B2-1760-4266-BCC7-CA923CBCF16C}") = "docker-compose", "docker-compose.dcproj", "{A102C138-2BAE-4292-822D-91DD4F1D8B45}"
EndProject
Global
	GlobalSection(SolutionConfigurationPlatforms) = preSolution
		Debug|Any CPU = Debug|Any CPU
		Release|Any CPU = Release|Any CPU
	EndGlobalSection
	GlobalSection(ProjectConfigurationPlatforms) = postSolution
		{78EA38CD-FBAE-4A69-95F1-FB552B57BCB2}.Debug|Any CPU.ActiveCfg = Debug|Any CPU
		{78EA38CD-FBAE-4A69-95F1-FB552B57BCB2}.Debug|Any CPU.Build.0 = Debug|Any CPU
		{78EA38CD-FBAE-4A69-95F1-FB552B57BCB2}.Release|Any CPU.ActiveCfg = Release|Any CPU
		{78EA38CD-FBAE-4A69-95F1-FB552B57BCB2}.Release|Any CPU.Build.0 = Release|Any CPU
		{622B9C42-BAFE-4571-8059-D84C6C9C0081}.Debug|Any CPU.ActiveCfg = Debug|Any CPU
		{622B9C42-BAFE-4571-8059-D84C6C9C0081}.Debug|Any CPU.Build.0 = Debug|Any CPU
		{622B9C42-BAFE-4571-8059-D84C6C9C0081}.Release|Any CPU.ActiveCfg = Release|Any CPU
		{622B9C42-BAFE-4571-8059-D84C6C9C0081}.Release|Any CPU.Build.0 = Release|Any CPU
		{1FA95555-6D64-489F-BA96-F86E88B43527}.Debug|Any CPU.ActiveCfg = Debug|Any CPU
		{1FA95555-6D64-489F-BA96-F86E88B43527}.Debug|Any CPU.Build.0 = Debug|Any CPU
		{1FA95555-6D64-489F-BA96-F86E88B43527}.Release|Any CPU.ActiveCfg = Release|Any CPU
		{1FA95555-6D64-489F-BA96-F86E88B43527}.Release|Any CPU.Build.0 = Release|Any CPU
		{3F8067B6-0020-462B-ACF8-3168CF3A9501}.Debug|Any CPU.ActiveCfg = Debug|Any CPU
		{3F8067B6-0020-462B-ACF8-3168CF3A9501}.Debug|Any CPU.Build.0 = Debug|Any CPU
		{3F8067B6-0020-462B-ACF8-3168CF3A9501}.Release|Any CPU.ActiveCfg = Release|Any CPU
		{3F8067B6-0020-462B-ACF8-3168CF3A9501}.Release|Any CPU.Build.0 = Release|Any CPU
		{8DC3353A-4096-4F48-813D-3D4778E5914B}.Debug|Any CPU.ActiveCfg = Debug|Any CPU
		{8DC3353A-4096-4F48-813D-3D4778E5914B}.Debug|Any CPU.Build.0 = Debug|Any CPU
		{8DC3353A-4096-4F48-813D-3D4778E5914B}.Release|Any CPU.ActiveCfg = Release|Any CPU
		{8DC3353A-4096-4F48-813D-3D4778E5914B}.Release|Any CPU.Build.0 = Release|Any CPU
		{A102C138-2BAE-4292-822D-91DD4F1D8B45}.Debug|Any CPU.ActiveCfg = Debug|Any CPU
		{A102C138-2BAE-4292-822D-91DD4F1D8B45}.Debug|Any CPU.Build.0 = Debug|Any CPU
		{A102C138-2BAE-4292-822D-91DD4F1D8B45}.Release|Any CPU.ActiveCfg = Release|Any CPU
		{A102C138-2BAE-4292-822D-91DD4F1D8B45}.Release|Any CPU.Build.0 = Release|Any CPU
	EndGlobalSection
	GlobalSection(SolutionProperties) = preSolution
		HideSolutionNode = FALSE
	EndGlobalSection
	GlobalSection(NestedProjects) = preSolution
		{78EA38CD-FBAE-4A69-95F1-FB552B57BCB2} = {EEFAB5B2-BB79-4940-B26A-6938693C7BCC}
		{9ACB9236-2390-47DD-AF23-42935F2392D5} = {5BDBDD21-D9C8-4880-8FA4-62B2D1B4A7DC}
		{197162D5-523A-4DEC-9FF5-D781B4347633} = {5BDBDD21-D9C8-4880-8FA4-62B2D1B4A7DC}
		{D2799349-957A-4D0E-8B53-48E007CC112E} = {5BDBDD21-D9C8-4880-8FA4-62B2D1B4A7DC}
		{622B9C42-BAFE-4571-8059-D84C6C9C0081} = {197162D5-523A-4DEC-9FF5-D781B4347633}
		{1FA95555-6D64-489F-BA96-F86E88B43527} = {9ACB9236-2390-47DD-AF23-42935F2392D5}
		{3F8067B6-0020-462B-ACF8-3168CF3A9501} = {D2799349-957A-4D0E-8B53-48E007CC112E}
		{8DC3353A-4096-4F48-813D-3D4778E5914B} = {CB812299-9006-4EE2-A54A-4DDC2EF2EA8E}
	EndGlobalSection
EndGlobal
